// !$*UTF8*$!
{
	archiveVersion = 1;
	classes = {
	};
	objectVersion = 55;
	objects = {

/* Begin PBXBuildFile section */
		CE5F60092A812A9300948CC4 /* Kingfisher in Frameworks */ = {isa = PBXBuildFile; productRef = CE5F60082A812A9300948CC4 /* Kingfisher */; };
		CE5F600C2A81365200948CC4 /* TableViewCell.swift in Sources */ = {isa = PBXBuildFile; fileRef = CE5F600B2A81365200948CC4 /* TableViewCell.swift */; };
		CEDCCB732A856E9F00F12AF2 /* Protocol.swift in Sources */ = {isa = PBXBuildFile; fileRef = CEDCCB722A856E9F00F12AF2 /* Protocol.swift */; };
		CEDCCB762A89276700F12AF2 /* InfoFilms.swift in Sources */ = {isa = PBXBuildFile; fileRef = CEDCCB752A89276700F12AF2 /* InfoFilms.swift */; };
		CEDCCB782A892CEE00F12AF2 /* InfoFilmsCell.swift in Sources */ = {isa = PBXBuildFile; fileRef = CEDCCB772A892CEE00F12AF2 /* InfoFilmsCell.swift */; };
		CEDCCB7C2A90D5A200F12AF2 /* ShortDescriptionCell.swift in Sources */ = {isa = PBXBuildFile; fileRef = CEDCCB7B2A90D5A200F12AF2 /* ShortDescriptionCell.swift */; };
		CEFD26D32A765E14009F31C4 /* AppDelegate.swift in Sources */ = {isa = PBXBuildFile; fileRef = CEFD26D22A765E14009F31C4 /* AppDelegate.swift */; };
		CEFD26D72A765E14009F31C4 /* ViewController.swift in Sources */ = {isa = PBXBuildFile; fileRef = CEFD26D62A765E14009F31C4 /* ViewController.swift */; };
		CEFD26DC2A765E17009F31C4 /* Assets.xcassets in Resources */ = {isa = PBXBuildFile; fileRef = CEFD26DB2A765E17009F31C4 /* Assets.xcassets */; };
		CEFD26DF2A765E17009F31C4 /* LaunchScreen.storyboard in Resources */ = {isa = PBXBuildFile; fileRef = CEFD26DD2A765E17009F31C4 /* LaunchScreen.storyboard */; };
		CEFD26E82A766FB5009F31C4 /* SnapKit in Frameworks */ = {isa = PBXBuildFile; productRef = CEFD26E72A766FB5009F31C4 /* SnapKit */; };
		CEFD26EC2A76C30D009F31C4 /* File.swift in Sources */ = {isa = PBXBuildFile; fileRef = CEFD26EB2A76C30D009F31C4 /* File.swift */; };
		CEFD26EE2A782FA4009F31C4 /* ApiManager.swift in Sources */ = {isa = PBXBuildFile; fileRef = CEFD26ED2A782FA4009F31C4 /* ApiManager.swift */; };
/* End PBXBuildFile section */

/* Begin PBXFileReference section */
		CE5F600B2A81365200948CC4 /* TableViewCell.swift */ = {isa = PBXFileReference; lastKnownFileType = sourcecode.swift; path = TableViewCell.swift; sourceTree = "<group>"; };
		CEDCCB722A856E9F00F12AF2 /* Protocol.swift */ = {isa = PBXFileReference; lastKnownFileType = sourcecode.swift; path = Protocol.swift; sourceTree = "<group>"; };
		CEDCCB752A89276700F12AF2 /* InfoFilms.swift */ = {isa = PBXFileReference; lastKnownFileType = sourcecode.swift; path = InfoFilms.swift; sourceTree = "<group>"; };
		CEDCCB772A892CEE00F12AF2 /* InfoFilmsCell.swift */ = {isa = PBXFileReference; lastKnownFileType = sourcecode.swift; path = InfoFilmsCell.swift; sourceTree = "<group>"; };
		CEDCCB7B2A90D5A200F12AF2 /* ShortDescriptionCell.swift */ = {isa = PBXFileReference; lastKnownFileType = sourcecode.swift; path = ShortDescriptionCell.swift; sourceTree = "<group>"; };
		CEFD26CF2A765E14009F31C4 /* URLSessionApi.app */ = {isa = PBXFileReference; explicitFileType = wrapper.application; includeInIndex = 0; path = URLSessionApi.app; sourceTree = BUILT_PRODUCTS_DIR; };
		CEFD26D22A765E14009F31C4 /* AppDelegate.swift */ = {isa = PBXFileReference; lastKnownFileType = sourcecode.swift; path = AppDelegate.swift; sourceTree = "<group>"; };
		CEFD26D62A765E14009F31C4 /* ViewController.swift */ = {isa = PBXFileReference; lastKnownFileType = sourcecode.swift; path = ViewController.swift; sourceTree = "<group>"; };
		CEFD26DB2A765E17009F31C4 /* Assets.xcassets */ = {isa = PBXFileReference; lastKnownFileType = folder.assetcatalog; path = Assets.xcassets; sourceTree = "<group>"; };
		CEFD26DE2A765E17009F31C4 /* Base */ = {isa = PBXFileReference; lastKnownFileType = file.storyboard; name = Base; path = Base.lproj/LaunchScreen.storyboard; sourceTree = "<group>"; };
		CEFD26E02A765E17009F31C4 /* Info.plist */ = {isa = PBXFileReference; lastKnownFileType = text.plist.xml; path = Info.plist; sourceTree = "<group>"; };
		CEFD26EB2A76C30D009F31C4 /* File.swift */ = {isa = PBXFileReference; lastKnownFileType = sourcecode.swift; path = File.swift; sourceTree = "<group>"; };
		CEFD26ED2A782FA4009F31C4 /* ApiManager.swift */ = {isa = PBXFileReference; lastKnownFileType = sourcecode.swift; path = ApiManager.swift; sourceTree = "<group>"; };
/* End PBXFileReference section */

/* Begin PBXFrameworksBuildPhase section */
		CEFD26CC2A765E14009F31C4 /* Frameworks */ = {
			isa = PBXFrameworksBuildPhase;
			buildActionMask = 2147483647;
			files = (
				CE5F60092A812A9300948CC4 /* Kingfisher in Frameworks */,
				CEFD26E82A766FB5009F31C4 /* SnapKit in Frameworks */,
			);
			runOnlyForDeploymentPostprocessing = 0;
		};
/* End PBXFrameworksBuildPhase section */

/* Begin PBXGroup section */
		CE5F600A2A81363600948CC4 /* Cell */ = {
			isa = PBXGroup;
			children = (
				CE5F600B2A81365200948CC4 /* TableViewCell.swift */,
				CEDCCB772A892CEE00F12AF2 /* InfoFilmsCell.swift */,
				CEDCCB7B2A90D5A200F12AF2 /* ShortDescriptionCell.swift */,
			);
			path = Cell;
			sourceTree = "<group>";
		};
		CEDCCB742A89272700F12AF2 /* View */ = {
			isa = PBXGroup;
			children = (
				CEFD26D62A765E14009F31C4 /* ViewController.swift */,
				CEDCCB752A89276700F12AF2 /* InfoFilms.swift */,
			);
			path = View;
			sourceTree = "<group>";
		};
		CEFD26C62A765E14009F31C4 = {
			isa = PBXGroup;
			children = (
				CEFD26D12A765E14009F31C4 /* URLSessionApi */,
				CEFD26D02A765E14009F31C4 /* Products */,
			);
			sourceTree = "<group>";
		};
		CEFD26D02A765E14009F31C4 /* Products */ = {
			isa = PBXGroup;
			children = (
				CEFD26CF2A765E14009F31C4 /* URLSessionApi.app */,
			);
			name = Products;
			sourceTree = "<group>";
		};
		CEFD26D12A765E14009F31C4 /* URLSessionApi */ = {
			isa = PBXGroup;
			children = (
				CEFD26D22A765E14009F31C4 /* AppDelegate.swift */,
				CE5F600A2A81363600948CC4 /* Cell */,
				CEDCCB742A89272700F12AF2 /* View */,
				CEFD26DB2A765E17009F31C4 /* Assets.xcassets */,
				CEFD26DD2A765E17009F31C4 /* LaunchScreen.storyboard */,
				CEFD26E02A765E17009F31C4 /* Info.plist */,
				CEFD26EB2A76C30D009F31C4 /* File.swift */,
				CEFD26ED2A782FA4009F31C4 /* ApiManager.swift */,
				CEDCCB722A856E9F00F12AF2 /* Protocol.swift */,
			);
			path = URLSessionApi;
			sourceTree = "<group>";
		};
/* End PBXGroup section */

/* Begin PBXNativeTarget section */
		CEFD26CE2A765E14009F31C4 /* URLSessionApi */ = {
			isa = PBXNativeTarget;
			buildConfigurationList = CEFD26E32A765E17009F31C4 /* Build configuration list for PBXNativeTarget "URLSessionApi" */;
			buildPhases = (
				CEFD26CB2A765E14009F31C4 /* Sources */,
				CEFD26CC2A765E14009F31C4 /* Frameworks */,
				CEFD26CD2A765E14009F31C4 /* Resources */,
			);
			buildRules = (
			);
			dependencies = (
			);
			name = URLSessionApi;
			packageProductDependencies = (
				CEFD26E72A766FB5009F31C4 /* SnapKit */,
				CE5F60082A812A9300948CC4 /* Kingfisher */,
			);
			productName = URLSessionApi;
			productReference = CEFD26CF2A765E14009F31C4 /* URLSessionApi.app */;
			productType = "com.apple.product-type.application";
		};
/* End PBXNativeTarget section */

/* Begin PBXProject section */
		CEFD26C72A765E14009F31C4 /* Project object */ = {
			isa = PBXProject;
			attributes = {
				BuildIndependentTargetsInParallel = 1;
				LastSwiftUpdateCheck = 1300;
				LastUpgradeCheck = 1300;
				TargetAttributes = {
					CEFD26CE2A765E14009F31C4 = {
						CreatedOnToolsVersion = 13.0;
					};
				};
			};
			buildConfigurationList = CEFD26CA2A765E14009F31C4 /* Build configuration list for PBXProject "URLSessionApi" */;
			compatibilityVersion = "Xcode 13.0";
			developmentRegion = en;
			hasScannedForEncodings = 0;
			knownRegions = (
				en,
				Base,
			);
			mainGroup = CEFD26C62A765E14009F31C4;
			packageReferences = (
				CEFD26E62A766FB5009F31C4 /* XCRemoteSwiftPackageReference "SnapKit" */,
				CE5F60072A812A9300948CC4 /* XCRemoteSwiftPackageReference "Kingfisher" */,
			);
			productRefGroup = CEFD26D02A765E14009F31C4 /* Products */;
			projectDirPath = "";
			projectRoot = "";
			targets = (
				CEFD26CE2A765E14009F31C4 /* URLSessionApi */,
			);
		};
/* End PBXProject section */

/* Begin PBXResourcesBuildPhase section */
		CEFD26CD2A765E14009F31C4 /* Resources */ = {
			isa = PBXResourcesBuildPhase;
			buildActionMask = 2147483647;
			files = (
				CEFD26DF2A765E17009F31C4 /* LaunchScreen.storyboard in Resources */,
				CEFD26DC2A765E17009F31C4 /* Assets.xcassets in Resources */,
			);
			runOnlyForDeploymentPostprocessing = 0;
		};
/* End PBXResourcesBuildPhase section */

/* Begin PBXSourcesBuildPhase section */
		CEFD26CB2A765E14009F31C4 /* Sources */ = {
			isa = PBXSourcesBuildPhase;
			buildActionMask = 2147483647;
			files = (
				CEDCCB7C2A90D5A200F12AF2 /* ShortDescriptionCell.swift in Sources */,
				CE5F600C2A81365200948CC4 /* TableViewCell.swift in Sources */,
				CEFD26EE2A782FA4009F31C4 /* ApiManager.swift in Sources */,
				CEFD26D72A765E14009F31C4 /* ViewController.swift in Sources */,
				CEFD26EC2A76C30D009F31C4 /* File.swift in Sources */,
				CEDCCB762A89276700F12AF2 /* InfoFilms.swift in Sources */,
				CEDCCB782A892CEE00F12AF2 /* InfoFilmsCell.swift in Sources */,
				CEFD26D32A765E14009F31C4 /* AppDelegate.swift in Sources */,
				CEDCCB732A856E9F00F12AF2 /* Protocol.swift in Sources */,
			);
			runOnlyForDeploymentPostprocessing = 0;
		};
/* End PBXSourcesBuildPhase section */

/* Begin PBXVariantGroup section */
		CEFD26DD2A765E17009F31C4 /* LaunchScreen.storyboard */ = {
			isa = PBXVariantGroup;
			children = (
				CEFD26DE2A765E17009F31C4 /* Base */,
			);
			name = LaunchScreen.storyboard;
			sourceTree = "<group>";
		};
/* End PBXVariantGroup section */

/* Begin XCBuildConfiguration section */
		CEFD26E12A765E17009F31C4 /* Debug */ = {
			isa = XCBuildConfiguration;
			buildSettings = {
				ALWAYS_SEARCH_USER_PATHS = NO;
				CLANG_ANALYZER_NONNULL = YES;
				CLANG_ANALYZER_NUMBER_OBJECT_CONVERSION = YES_AGGRESSIVE;
				CLANG_CXX_LANGUAGE_STANDARD = "gnu++17";
				CLANG_CXX_LIBRARY = "libc++";
				CLANG_ENABLE_MODULES = YES;
				CLANG_ENABLE_OBJC_ARC = YES;
				CLANG_ENABLE_OBJC_WEAK = YES;
				CLANG_WARN_BLOCK_CAPTURE_AUTORELEASING = YES;
				CLANG_WARN_BOOL_CONVERSION = YES;
				CLANG_WARN_COMMA = YES;
				CLANG_WARN_CONSTANT_CONVERSION = YES;
				CLANG_WARN_DEPRECATED_OBJC_IMPLEMENTATIONS = YES;
				CLANG_WARN_DIRECT_OBJC_ISA_USAGE = YES_ERROR;
				CLANG_WARN_DOCUMENTATION_COMMENTS = YES;
				CLANG_WARN_EMPTY_BODY = YES;
				CLANG_WARN_ENUM_CONVERSION = YES;
				CLANG_WARN_INFINITE_RECURSION = YES;
				CLANG_WARN_INT_CONVERSION = YES;
				CLANG_WARN_NON_LITERAL_NULL_CONVERSION = YES;
				CLANG_WARN_OBJC_IMPLICIT_RETAIN_SELF = YES;
				CLANG_WARN_OBJC_LITERAL_CONVERSION = YES;
				CLANG_WARN_OBJC_ROOT_CLASS = YES_ERROR;
				CLANG_WARN_QUOTED_INCLUDE_IN_FRAMEWORK_HEADER = YES;
				CLANG_WARN_RANGE_LOOP_ANALYSIS = YES;
				CLANG_WARN_STRICT_PROTOTYPES = YES;
				CLANG_WARN_SUSPICIOUS_MOVE = YES;
				CLANG_WARN_UNGUARDED_AVAILABILITY = YES_AGGRESSIVE;
				CLANG_WARN_UNREACHABLE_CODE = YES;
				CLANG_WARN__DUPLICATE_METHOD_MATCH = YES;
				COPY_PHASE_STRIP = NO;
				DEBUG_INFORMATION_FORMAT = dwarf;
				ENABLE_STRICT_OBJC_MSGSEND = YES;
				ENABLE_TESTABILITY = YES;
				GCC_C_LANGUAGE_STANDARD = gnu11;
				GCC_DYNAMIC_NO_PIC = NO;
				GCC_NO_COMMON_BLOCKS = YES;
				GCC_OPTIMIZATION_LEVEL = 0;
				GCC_PREPROCESSOR_DEFINITIONS = (
					"DEBUG=1",
					"$(inherited)",
				);
				GCC_WARN_64_TO_32_BIT_CONVERSION = YES;
				GCC_WARN_ABOUT_RETURN_TYPE = YES_ERROR;
				GCC_WARN_UNDECLARED_SELECTOR = YES;
				GCC_WARN_UNINITIALIZED_AUTOS = YES_AGGRESSIVE;
				GCC_WARN_UNUSED_FUNCTION = YES;
				GCC_WARN_UNUSED_VARIABLE = YES;
				IPHONEOS_DEPLOYMENT_TARGET = 15.0;
				MTL_ENABLE_DEBUG_INFO = INCLUDE_SOURCE;
				MTL_FAST_MATH = YES;
				ONLY_ACTIVE_ARCH = YES;
				SDKROOT = iphoneos;
				SWIFT_ACTIVE_COMPILATION_CONDITIONS = DEBUG;
				SWIFT_OPTIMIZATION_LEVEL = "-Onone";
			};
			name = Debug;
		};
		CEFD26E22A765E17009F31C4 /* Release */ = {
			isa = XCBuildConfiguration;
			buildSettings = {
				ALWAYS_SEARCH_USER_PATHS = NO;
				CLANG_ANALYZER_NONNULL = YES;
				CLANG_ANALYZER_NUMBER_OBJECT_CONVERSION = YES_AGGRESSIVE;
				CLANG_CXX_LANGUAGE_STANDARD = "gnu++17";
				CLANG_CXX_LIBRARY = "libc++";
				CLANG_ENABLE_MODULES = YES;
				CLANG_ENABLE_OBJC_ARC = YES;
				CLANG_ENABLE_OBJC_WEAK = YES;
				CLANG_WARN_BLOCK_CAPTURE_AUTORELEASING = YES;
				CLANG_WARN_BOOL_CONVERSION = YES;
				CLANG_WARN_COMMA = YES;
				CLANG_WARN_CONSTANT_CONVERSION = YES;
				CLANG_WARN_DEPRECATED_OBJC_IMPLEMENTATIONS = YES;
				CLANG_WARN_DIRECT_OBJC_ISA_USAGE = YES_ERROR;
				CLANG_WARN_DOCUMENTATION_COMMENTS = YES;
				CLANG_WARN_EMPTY_BODY = YES;
				CLANG_WARN_ENUM_CONVERSION = YES;
				CLANG_WARN_INFINITE_RECURSION = YES;
				CLANG_WARN_INT_CONVERSION = YES;
				CLANG_WARN_NON_LITERAL_NULL_CONVERSION = YES;
				CLANG_WARN_OBJC_IMPLICIT_RETAIN_SELF = YES;
				CLANG_WARN_OBJC_LITERAL_CONVERSION = YES;
				CLANG_WARN_OBJC_ROOT_CLASS = YES_ERROR;
				CLANG_WARN_QUOTED_INCLUDE_IN_FRAMEWORK_HEADER = YES;
				CLANG_WARN_RANGE_LOOP_ANALYSIS = YES;
				CLANG_WARN_STRICT_PROTOTYPES = YES;
				CLANG_WARN_SUSPICIOUS_MOVE = YES;
				CLANG_WARN_UNGUARDED_AVAILABILITY = YES_AGGRESSIVE;
				CLANG_WARN_UNREACHABLE_CODE = YES;
				CLANG_WARN__DUPLICATE_METHOD_MATCH = YES;
				COPY_PHASE_STRIP = NO;
				DEBUG_INFORMATION_FORMAT = "dwarf-with-dsym";
				ENABLE_NS_ASSERTIONS = NO;
				ENABLE_STRICT_OBJC_MSGSEND = YES;
				GCC_C_LANGUAGE_STANDARD = gnu11;
				GCC_NO_COMMON_BLOCKS = YES;
				GCC_WARN_64_TO_32_BIT_CONVERSION = YES;
				GCC_WARN_ABOUT_RETURN_TYPE = YES_ERROR;
				GCC_WARN_UNDECLARED_SELECTOR = YES;
				GCC_WARN_UNINITIALIZED_AUTOS = YES_AGGRESSIVE;
				GCC_WARN_UNUSED_FUNCTION = YES;
				GCC_WARN_UNUSED_VARIABLE = YES;
				IPHONEOS_DEPLOYMENT_TARGET = 15.0;
				MTL_ENABLE_DEBUG_INFO = NO;
				MTL_FAST_MATH = YES;
				SDKROOT = iphoneos;
				SWIFT_COMPILATION_MODE = wholemodule;
				SWIFT_OPTIMIZATION_LEVEL = "-O";
				VALIDATE_PRODUCT = YES;
			};
			name = Release;
		};
		CEFD26E42A765E17009F31C4 /* Debug */ = {
			isa = XCBuildConfiguration;
			buildSettings = {
				ASSETCATALOG_COMPILER_APPICON_NAME = AppIcon;
				ASSETCATALOG_COMPILER_GLOBAL_ACCENT_COLOR_NAME = AccentColor;
				CODE_SIGN_STYLE = Automatic;
				CURRENT_PROJECT_VERSION = 1;
				GENERATE_INFOPLIST_FILE = YES;
				INFOPLIST_FILE = URLSessionApi/Info.plist;
				INFOPLIST_KEY_UIApplicationSupportsIndirectInputEvents = YES;
				INFOPLIST_KEY_UILaunchStoryboardName = LaunchScreen;
				INFOPLIST_KEY_UISupportedInterfaceOrientations_iPad = "UIInterfaceOrientationPortrait UIInterfaceOrientationPortraitUpsideDown UIInterfaceOrientationLandscapeLeft UIInterfaceOrientationLandscapeRight";
				INFOPLIST_KEY_UISupportedInterfaceOrientations_iPhone = "UIInterfaceOrientationPortrait UIInterfaceOrientationLandscapeLeft UIInterfaceOrientationLandscapeRight";
				LD_RUNPATH_SEARCH_PATHS = (
					"$(inherited)",
					"@executable_path/Frameworks",
				);
				MARKETING_VERSION = 1.0;
				PRODUCT_BUNDLE_IDENTIFIER = com.first.my.URLSessionApi;
				PRODUCT_NAME = "$(TARGET_NAME)";
				SWIFT_EMIT_LOC_STRINGS = YES;
				SWIFT_VERSION = 5.0;
				TARGETED_DEVICE_FAMILY = "1,2";
			};
			name = Debug;
		};
		CEFD26E52A765E17009F31C4 /* Release */ = {
			isa = XCBuildConfiguration;
			buildSettings = {
				ASSETCATALOG_COMPILER_APPICON_NAME = AppIcon;
				ASSETCATALOG_COMPILER_GLOBAL_ACCENT_COLOR_NAME = AccentColor;
				CODE_SIGN_STYLE = Automatic;
				CURRENT_PROJECT_VERSION = 1;
				GENERATE_INFOPLIST_FILE = YES;
				INFOPLIST_FILE = URLSessionApi/Info.plist;
				INFOPLIST_KEY_UIApplicationSupportsIndirectInputEvents = YES;
				INFOPLIST_KEY_UILaunchStoryboardName = LaunchScreen;
				INFOPLIST_KEY_UISupportedInterfaceOrientations_iPad = "UIInterfaceOrientationPortrait UIInterfaceOrientationPortraitUpsideDown UIInterfaceOrientationLandscapeLeft UIInterfaceOrientationLandscapeRight";
				INFOPLIST_KEY_UISupportedInterfaceOrientations_iPhone = "UIInterfaceOrientationPortrait UIInterfaceOrientationLandscapeLeft UIInterfaceOrientationLandscapeRight";
				LD_RUNPATH_SEARCH_PATHS = (
					"$(inherited)",
					"@executable_path/Frameworks",
				);
				MARKETING_VERSION = 1.0;
				PRODUCT_BUNDLE_IDENTIFIER = com.first.my.URLSessionApi;
				PRODUCT_NAME = "$(TARGET_NAME)";
				SWIFT_EMIT_LOC_STRINGS = YES;
				SWIFT_VERSION = 5.0;
				TARGETED_DEVICE_FAMILY = "1,2";
			};
			name = Release;
		};
/* End XCBuildConfiguration section */

/* Begin XCConfigurationList section */
		CEFD26CA2A765E14009F31C4 /* Build configuration list for PBXProject "URLSessionApi" */ = {
			isa = XCConfigurationList;
			buildConfigurations = (
				CEFD26E12A765E17009F31C4 /* Debug */,
				CEFD26E22A765E17009F31C4 /* Release */,
			);
			defaultConfigurationIsVisible = 0;
			defaultConfigurationName = Release;
		};
		CEFD26E32A765E17009F31C4 /* Build configuration list for PBXNativeTarget "URLSessionApi" */ = {
			isa = XCConfigurationList;
			buildConfigurations = (
				CEFD26E42A765E17009F31C4 /* Debug */,
				CEFD26E52A765E17009F31C4 /* Release */,
			);
			defaultConfigurationIsVisible = 0;
			defaultConfigurationName = Release;
		};
/* End XCConfigurationList section */

/* Begin XCRemoteSwiftPackageReference section */
		CE5F60072A812A9300948CC4 /* XCRemoteSwiftPackageReference "Kingfisher" */ = {
			isa = XCRemoteSwiftPackageReference;
			repositoryURL = "https://github.com/onevcat/Kingfisher.git";
			requirement = {
				kind = upToNextMajorVersion;
				minimumVersion = 6.0.0;
			};
		};
		CEFD26E62A766FB5009F31C4 /* XCRemoteSwiftPackageReference "SnapKit" */ = {
			isa = XCRemoteSwiftPackageReference;
			repositoryURL = "https://github.com/SnapKit/SnapKit.git";
			requirement = {
				branch = develop;
				kind = branch;
			};
		};
/* End XCRemoteSwiftPackageReference section */

/* Begin XCSwiftPackageProductDependency section */
		CE5F60082A812A9300948CC4 /* Kingfisher */ = {
			isa = XCSwiftPackageProductDependency;
			package = CE5F60072A812A9300948CC4 /* XCRemoteSwiftPackageReference "Kingfisher" */;
			productName = Kingfisher;
		};
		CEFD26E72A766FB5009F31C4 /* SnapKit */ = {
			isa = XCSwiftPackageProductDependency;
			package = CEFD26E62A766FB5009F31C4 /* XCRemoteSwiftPackageReference "SnapKit" */;
			productName = SnapKit;
		};
/* End XCSwiftPackageProductDependency section */
	};
	rootObject = CEFD26C72A765E14009F31C4 /* Project object */;
}
